// !$*UTF8*$!
{
	archiveVersion = 1;
	classes = {
	};
	objectVersion = 46;
	objects = {

/* Begin PBXBuildFile section */
		BEA5EB01199D8FA000B598EE /* LoginViewController.swift in Sources */ = {isa = PBXBuildFile; fileRef = BEA5EB00199D8FA000B598EE /* LoginViewController.swift */; };
		BEECE19B199D84490086E43A /* AppDelegate.swift in Sources */ = {isa = PBXBuildFile; fileRef = BEECE19A199D84490086E43A /* AppDelegate.swift */; };
		BEECE19D199D84490086E43A /* ViewController.swift in Sources */ = {isa = PBXBuildFile; fileRef = BEECE19C199D84490086E43A /* ViewController.swift */; };
		BEECE1A0199D84490086E43A /* Main.storyboard in Resources */ = {isa = PBXBuildFile; fileRef = BEECE19E199D84490086E43A /* Main.storyboard */; };
		BEECE1A2199D84490086E43A /* Images.xcassets in Resources */ = {isa = PBXBuildFile; fileRef = BEECE1A1199D84490086E43A /* Images.xcassets */; };
		BEECE1AE199D84490086E43A /* Im_inTests.swift in Sources */ = {isa = PBXBuildFile; fileRef = BEECE1AD199D84490086E43A /* Im_inTests.swift */; };
		BEECE1B8199D84660086E43A /* APIController.swift in Sources */ = {isa = PBXBuildFile; fileRef = BEECE1B7199D84660086E43A /* APIController.swift */; };
/* End PBXBuildFile section */

/* Begin PBXContainerItemProxy section */
		BEECE1A8199D84490086E43A /* PBXContainerItemProxy */ = {
			isa = PBXContainerItemProxy;
			containerPortal = BEECE18D199D84490086E43A /* Project object */;
			proxyType = 1;
			remoteGlobalIDString = BEECE194199D84490086E43A;
			remoteInfo = Im_in;
		};
/* End PBXContainerItemProxy section */

/* Begin PBXFileReference section */
		BEA5EB00199D8FA000B598EE /* LoginViewController.swift */ = {isa = PBXFileReference; fileEncoding = 4; lastKnownFileType = sourcecode.swift; name = LoginViewController.swift; path = ../../LoginViewController.swift; sourceTree = "<group>"; };
		BEECE195199D84490086E43A /* Im_in.app */ = {isa = PBXFileReference; explicitFileType = wrapper.application; includeInIndex = 0; path = Im_in.app; sourceTree = BUILT_PRODUCTS_DIR; };
		BEECE199199D84490086E43A /* Info.plist */ = {isa = PBXFileReference; lastKnownFileType = text.plist.xml; path = Info.plist; sourceTree = "<group>"; };
		BEECE19A199D84490086E43A /* AppDelegate.swift */ = {isa = PBXFileReference; lastKnownFileType = sourcecode.swift; path = AppDelegate.swift; sourceTree = "<group>"; };
		BEECE19C199D84490086E43A /* ViewController.swift */ = {isa = PBXFileReference; lastKnownFileType = sourcecode.swift; path = ViewController.swift; sourceTree = "<group>"; };
		BEECE19F199D84490086E43A /* Base */ = {isa = PBXFileReference; lastKnownFileType = file.storyboard; name = Base; path = Base.lproj/Main.storyboard; sourceTree = "<group>"; };
		BEECE1A1199D84490086E43A /* Images.xcassets */ = {isa = PBXFileReference; lastKnownFileType = folder.assetcatalog; path = Images.xcassets; sourceTree = "<group>"; };
		BEECE1A7199D84490086E43A /* Im_inTests.xctest */ = {isa = PBXFileReference; explicitFileType = wrapper.cfbundle; includeInIndex = 0; path = Im_inTests.xctest; sourceTree = BUILT_PRODUCTS_DIR; };
		BEECE1AC199D84490086E43A /* Info.plist */ = {isa = PBXFileReference; lastKnownFileType = text.plist.xml; path = Info.plist; sourceTree = "<group>"; };
		BEECE1AD199D84490086E43A /* Im_inTests.swift */ = {isa = PBXFileReference; lastKnownFileType = sourcecode.swift; path = Im_inTests.swift; sourceTree = "<group>"; };
		BEECE1B7199D84660086E43A /* APIController.swift */ = {isa = PBXFileReference; fileEncoding = 4; lastKnownFileType = sourcecode.swift; path = APIController.swift; sourceTree = "<group>"; };
/* End PBXFileReference section */

/* Begin PBXFrameworksBuildPhase section */
		BEECE192199D84490086E43A /* Frameworks */ = {
			isa = PBXFrameworksBuildPhase;
			buildActionMask = 2147483647;
			files = (
			);
			runOnlyForDeploymentPostprocessing = 0;
		};
		BEECE1A4199D84490086E43A /* Frameworks */ = {
			isa = PBXFrameworksBuildPhase;
			buildActionMask = 2147483647;
			files = (
			);
			runOnlyForDeploymentPostprocessing = 0;
		};
/* End PBXFrameworksBuildPhase section */

/* Begin PBXGroup section */
		BEECE18C199D84490086E43A = {
			isa = PBXGroup;
			children = (
				BEECE197199D84490086E43A /* Im_in */,
				BEECE1AA199D84490086E43A /* Im_inTests */,
				BEECE196199D84490086E43A /* Products */,
			);
			sourceTree = "<group>";
		};
		BEECE196199D84490086E43A /* Products */ = {
			isa = PBXGroup;
			children = (
				BEECE195199D84490086E43A /* Im_in.app */,
				BEECE1A7199D84490086E43A /* Im_inTests.xctest */,
			);
			name = Products;
			sourceTree = "<group>";
		};
		BEECE197199D84490086E43A /* Im_in */ = {
			isa = PBXGroup;
			children = (
				BEA5EB00199D8FA000B598EE /* LoginViewController.swift */,
				BEECE19A199D84490086E43A /* AppDelegate.swift */,
				BEECE19C199D84490086E43A /* ViewController.swift */,
				BEECE19E199D84490086E43A /* Main.storyboard */,
				BEECE1A1199D84490086E43A /* Images.xcassets */,
				BEECE1B7199D84660086E43A /* APIController.swift */,
				BEECE198199D84490086E43A /* Supporting Files */,
			);
			path = Im_in;
			sourceTree = "<group>";
		};
		BEECE198199D84490086E43A /* Supporting Files */ = {
			isa = PBXGroup;
			children = (
				BEECE199199D84490086E43A /* Info.plist */,
			);
			name = "Supporting Files";
			sourceTree = "<group>";
		};
		BEECE1AA199D84490086E43A /* Im_inTests */ = {
			isa = PBXGroup;
			children = (
				BEECE1AD199D84490086E43A /* Im_inTests.swift */,
				BEECE1AB199D84490086E43A /* Supporting Files */,
			);
			path = Im_inTests;
			sourceTree = "<group>";
		};
		BEECE1AB199D84490086E43A /* Supporting Files */ = {
			isa = PBXGroup;
			children = (
				BEECE1AC199D84490086E43A /* Info.plist */,
			);
			name = "Supporting Files";
			sourceTree = "<group>";
		};
/* End PBXGroup section */

/* Begin PBXNativeTarget section */
		BEECE194199D84490086E43A /* Im_in */ = {
			isa = PBXNativeTarget;
			buildConfigurationList = BEECE1B1199D84490086E43A /* Build configuration list for PBXNativeTarget "Im_in" */;
			buildPhases = (
				BEECE191199D84490086E43A /* Sources */,
				BEECE192199D84490086E43A /* Frameworks */,
				BEECE193199D84490086E43A /* Resources */,
			);
			buildRules = (
			);
			dependencies = (
			);
			name = Im_in;
			productName = Im_in;
			productReference = BEECE195199D84490086E43A /* Im_in.app */;
			productType = "com.apple.product-type.application";
		};
		BEECE1A6199D84490086E43A /* Im_inTests */ = {
			isa = PBXNativeTarget;
			buildConfigurationList = BEECE1B4199D84490086E43A /* Build configuration list for PBXNativeTarget "Im_inTests" */;
			buildPhases = (
				BEECE1A3199D84490086E43A /* Sources */,
				BEECE1A4199D84490086E43A /* Frameworks */,
				BEECE1A5199D84490086E43A /* Resources */,
			);
			buildRules = (
			);
			dependencies = (
				BEECE1A9199D84490086E43A /* PBXTargetDependency */,
			);
			name = Im_inTests;
			productName = Im_inTests;
			productReference = BEECE1A7199D84490086E43A /* Im_inTests.xctest */;
			productType = "com.apple.product-type.bundle.unit-test";
		};
/* End PBXNativeTarget section */

/* Begin PBXProject section */
		BEECE18D199D84490086E43A /* Project object */ = {
			isa = PBXProject;
			attributes = {
				LastUpgradeCheck = 0600;
				ORGANIZATIONNAME = "fahia mohamed";
				TargetAttributes = {
					BEECE194199D84490086E43A = {
						CreatedOnToolsVersion = 6.0;
					};
					BEECE1A6199D84490086E43A = {
						CreatedOnToolsVersion = 6.0;
						TestTargetID = BEECE194199D84490086E43A;
					};
				};
			};
			buildConfigurationList = BEECE190199D84490086E43A /* Build configuration list for PBXProject "Im_in" */;
			compatibilityVersion = "Xcode 3.2";
			developmentRegion = English;
			hasScannedForEncodings = 0;
			knownRegions = (
				en,
				Base,
			);
			mainGroup = BEECE18C199D84490086E43A;
			productRefGroup = BEECE196199D84490086E43A /* Products */;
			projectDirPath = "";
			projectRoot = "";
			targets = (
				BEECE194199D84490086E43A /* Im_in */,
				BEECE1A6199D84490086E43A /* Im_inTests */,
			);
		};
/* End PBXProject section */

/* Begin PBXResourcesBuildPhase section */
		BEECE193199D84490086E43A /* Resources */ = {
			isa = PBXResourcesBuildPhase;
			buildActionMask = 2147483647;
			files = (
				BEECE1A0199D84490086E43A /* Main.storyboard in Resources */,
				BEECE1A2199D84490086E43A /* Images.xcassets in Resources */,
			);
			runOnlyForDeploymentPostprocessing = 0;
		};
		BEECE1A5199D84490086E43A /* Resources */ = {
			isa = PBXResourcesBuildPhase;
			buildActionMask = 2147483647;
			files = (
			);
			runOnlyForDeploymentPostprocessing = 0;
		};
/* End PBXResourcesBuildPhase section */

/* Begin PBXSourcesBuildPhase section */
		BEECE191199D84490086E43A /* Sources */ = {
			isa = PBXSourcesBuildPhase;
			buildActionMask = 2147483647;
			files = (
				BEA5EB01199D8FA000B598EE /* LoginViewController.swift in Sources */,
				BEECE19D199D84490086E43A /* ViewController.swift in Sources */,
				BEECE19B199D84490086E43A /* AppDelegate.swift in Sources */,
				BEECE1B8199D84660086E43A /* APIController.swift in Sources */,
			);
			runOnlyForDeploymentPostprocessing = 0;
		};
		BEECE1A3199D84490086E43A /* Sources */ = {
			isa = PBXSourcesBuildPhase;
			buildActionMask = 2147483647;
			files = (
				BEECE1AE199D84490086E43A /* Im_inTests.swift in Sources */,
			);
			runOnlyForDeploymentPostprocessing = 0;
		};
/* End PBXSourcesBuildPhase section */

/* Begin PBXTargetDependency section */
		BEECE1A9199D84490086E43A /* PBXTargetDependency */ = {
			isa = PBXTargetDependency;
			target = BEECE194199D84490086E43A /* Im_in */;
			targetProxy = BEECE1A8199D84490086E43A /* PBXContainerItemProxy */;
		};
/* End PBXTargetDependency section */

/* Begin PBXVariantGroup section */
		BEECE19E199D84490086E43A /* Main.storyboard */ = {
			isa = PBXVariantGroup;
			children = (
				BEECE19F199D84490086E43A /* Base */,
			);
			name = Main.storyboard;
			sourceTree = "<group>";
		};
/* End PBXVariantGroup section */

/* Begin XCBuildConfiguration section */
		BEECE1AF199D84490086E43A /* Debug */ = {
			isa = XCBuildConfiguration;
			buildSettings = {
				ALWAYS_SEARCH_USER_PATHS = NO;
				CLANG_CXX_LANGUAGE_STANDARD = "gnu++0x";
				CLANG_CXX_LIBRARY = "libc++";
				CLANG_ENABLE_MODULES = YES;
				CLANG_ENABLE_OBJC_ARC = YES;
				CLANG_WARN_BOOL_CONVERSION = YES;
				CLANG_WARN_CONSTANT_CONVERSION = YES;
				CLANG_WARN_DIRECT_OBJC_ISA_USAGE = YES_ERROR;
				CLANG_WARN_EMPTY_BODY = YES;
				CLANG_WARN_ENUM_CONVERSION = YES;
				CLANG_WARN_INT_CONVERSION = YES;
				CLANG_WARN_OBJC_ROOT_CLASS = YES_ERROR;
				CLANG_WARN_UNREACHABLE_CODE = YES;
				CLANG_WARN__DUPLICATE_METHOD_MATCH = YES;
				"CODE_SIGN_IDENTITY[sdk=iphoneos*]" = "iPhone Developer";
				COPY_PHASE_STRIP = NO;
				ENABLE_STRICT_OBJC_MSGSEND = YES;
				GCC_C_LANGUAGE_STANDARD = gnu99;
				GCC_DYNAMIC_NO_PIC = NO;
				GCC_OPTIMIZATION_LEVEL = 0;
				GCC_PREPROCESSOR_DEFINITIONS = (
					"DEBUG=1",
					"$(inherited)",
				);
				GCC_SYMBOLS_PRIVATE_EXTERN = NO;
				GCC_WARN_64_TO_32_BIT_CONVERSION = YES;
				GCC_WARN_ABOUT_RETURN_TYPE = YES_ERROR;
				GCC_WARN_UNDECLARED_SELECTOR = YES;
				GCC_WARN_UNINITIALIZED_AUTOS = YES_AGGRESSIVE;
				GCC_WARN_UNUSED_FUNCTION = YES;
				GCC_WARN_UNUSED_VARIABLE = YES;
				IPHONEOS_DEPLOYMENT_TARGET = 8.0;
				MTL_ENABLE_DEBUG_INFO = YES;
				ONLY_ACTIVE_ARCH = YES;
				SDKROOT = iphoneos;
				SWIFT_OPTIMIZATION_LEVEL = "-Onone";
				TARGETED_DEVICE_FAMILY = "1,2";
			};
			name = Debug;
		};
		BEECE1B0199D84490086E43A /* Release */ = {
			isa = XCBuildConfiguration;
			buildSettings = {
				ALWAYS_SEARCH_USER_PATHS = NO;
				CLANG_CXX_LANGUAGE_STANDARD = "gnu++0x";
				CLANG_CXX_LIBRARY = "libc++";
				CLANG_ENABLE_MODULES = YES;
				CLANG_ENABLE_OBJC_ARC = YES;
				CLANG_WARN_BOOL_CONVERSION = YES;
				CLANG_WARN_CONSTANT_CONVERSION = YES;
				CLANG_WARN_DIRECT_OBJC_ISA_USAGE = YES_ERROR;
				CLANG_WARN_EMPTY_BODY = YES;
				CLANG_WARN_ENUM_CONVERSION = YES;
				CLANG_WARN_INT_CONVERSION = YES;
				CLANG_WARN_OBJC_ROOT_CLASS = YES_ERROR;
				CLANG_WARN_UNREACHABLE_CODE = YES;
				CLANG_WARN__DUPLICATE_METHOD_MATCH = YES;
				"CODE_SIGN_IDENTITY[sdk=iphoneos*]" = "iPhone Developer";
				COPY_PHASE_STRIP = YES;
				ENABLE_NS_ASSERTIONS = NO;
				ENABLE_STRICT_OBJC_MSGSEND = YES;
				GCC_C_LANGUAGE_STANDARD = gnu99;
				GCC_WARN_64_TO_32_BIT_CONVERSION = YES;
				GCC_WARN_ABOUT_RETURN_TYPE = YES_ERROR;
				GCC_WARN_UNDECLARED_SELECTOR = YES;
				GCC_WARN_UNINITIALIZED_AUTOS = YES_AGGRESSIVE;
				GCC_WARN_UNUSED_FUNCTION = YES;
				GCC_WARN_UNUSED_VARIABLE = YES;
				IPHONEOS_DEPLOYMENT_TARGET = 8.0;
				MTL_ENABLE_DEBUG_INFO = NO;
				SDKROOT = iphoneos;
				TARGETED_DEVICE_FAMILY = "1,2";
				VALIDATE_PRODUCT = YES;
			};
			name = Release;
		};
		BEECE1B2199D84490086E43A /* Debug */ = {
			isa = XCBuildConfiguration;
			buildSettings = {
				ASSETCATALOG_COMPILER_APPICON_NAME = AppIcon;
				ASSETCATALOG_COMPILER_LAUNCHIMAGE_NAME = LaunchImage;
				INFOPLIST_FILE = Im_in/Info.plist;
				LD_RUNPATH_SEARCH_PATHS = "$(inherited) @executable_path/Frameworks";
				PRODUCT_NAME = "$(TARGET_NAME)";
			};
			name = Debug;
		};
		BEECE1B3199D84490086E43A /* Release */ = {
			isa = XCBuildConfiguration;
			buildSettings = {
				ASSETCATALOG_COMPILER_APPICON_NAME = AppIcon;
				ASSETCATALOG_COMPILER_LAUNCHIMAGE_NAME = LaunchImage;
				INFOPLIST_FILE = Im_in/Info.plist;
				LD_RUNPATH_SEARCH_PATHS = "$(inherited) @executable_path/Frameworks";
				PRODUCT_NAME = "$(TARGET_NAME)";
			};
			name = Release;
		};
		BEECE1B5199D84490086E43A /* Debug */ = {
			isa = XCBuildConfiguration;
			buildSettings = {
				BUNDLE_LOADER = "$(TEST_HOST)";
				FRAMEWORK_SEARCH_PATHS = (
					"$(SDKROOT)/Developer/Library/Frameworks",
					"$(inherited)",
				);
				GCC_PREPROCESSOR_DEFINITIONS = (
					"DEBUG=1",
					"$(inherited)",
				);
				INFOPLIST_FILE = Im_inTests/Info.plist;
				LD_RUNPATH_SEARCH_PATHS = "$(inherited) @executable_path/Frameworks @loader_path/Frameworks";
				PRODUCT_NAME = "$(TARGET_NAME)";
				TEST_HOST = "$(BUILT_PRODUCTS_DIR)/Im_in.app/Im_in";
			};
			name = Debug;
		};
		BEECE1B6199D84490086E43A /* Release */ = {
			isa = XCBuildConfiguration;
			buildSettings = {
				BUNDLE_LOADER = "$(TEST_HOST)";
				FRAMEWORK_SEARCH_PATHS = (
					"$(SDKROOT)/Developer/Library/Frameworks",
					"$(inherited)",
				);
				INFOPLIST_FILE = Im_inTests/Info.plist;
				LD_RUNPATH_SEARCH_PATHS = "$(inherited) @executable_path/Frameworks @loader_path/Frameworks";
				PRODUCT_NAME = "$(TARGET_NAME)";
				TEST_HOST = "$(BUILT_PRODUCTS_DIR)/Im_in.app/Im_in";
			};
			name = Release;
		};
/* End XCBuildConfiguration section */

/* Begin XCConfigurationList section */
		BEECE190199D84490086E43A /* Build configuration list for PBXProject "Im_in" */ = {
			isa = XCConfigurationList;
			buildConfigurations = (
				BEECE1AF199D84490086E43A /* Debug */,
				BEECE1B0199D84490086E43A /* Release */,
			);
			defaultConfigurationIsVisible = 0;
			defaultConfigurationName = Release;
		};
		BEECE1B1199D84490086E43A /* Build configuration list for PBXNativeTarget "Im_in" */ = {
			isa = XCConfigurationList;
			buildConfigurations = (
				BEECE1B2199D84490086E43A /* Debug */,
				BEECE1B3199D84490086E43A /* Release */,
			);
			defaultConfigurationIsVisible = 0;
			defaultConfigurationName = Release;
		};
		BEECE1B4199D84490086E43A /* Build configuration list for PBXNativeTarget "Im_inTests" */ = {
			isa = XCConfigurationList;
			buildConfigurations = (
				BEECE1B5199D84490086E43A /* Debug */,
				BEECE1B6199D84490086E43A /* Release */,
			);
			defaultConfigurationIsVisible = 0;
			defaultConfigurationName = Release;
		};
/* End XCConfigurationList section */
	};
	rootObject = BEECE18D199D84490086E43A /* Project object */;
}
